<?xml version="1.0" encoding="utf-8"?>
<Project ToolsVersion="4.0" xmlns="http://schemas.microsoft.com/developer/msbuild/2003">
  <ItemGroup>
    <Filter Include="Source Files">
      <UniqueIdentifier>{4FC737F1-C7A5-4376-A066-2A32D752A2FF}</UniqueIdentifier>
      <Extensions>cpp;c;cc;cxx;def;odl;idl;hpj;bat;asm;asmx</Extensions>
    </Filter>
    <Filter Include="Resource Files">
      <UniqueIdentifier>{67DA6AB6-F800-4c08-8B7A-83BB121AAD01}</UniqueIdentifier>
      <Extensions>qrc;rc;ico;cur;bmp;dlg;rc2;rct;bin;rgs;gif;jpg;jpeg;jpe;resx;tiff;tif;png;wav;mfcribbon-ms</Extensions>
    </Filter>
    <Filter Include="Translation Files">
      <UniqueIdentifier>{639EADAA-A684-42e4-A9AD-28FC9BCB8F7C}</UniqueIdentifier>
      <Extensions>ts</Extensions>
    </Filter>
    <Filter Include="include">
      <UniqueIdentifier>{99349809-55BA-4b9d-BF79-8FDBB0286EB3}</UniqueIdentifier>
      <Extensions>ui</Extensions>
    </Filter>
    <Filter Include="Source Files\MainWindow">
      <UniqueIdentifier>{578fa2bf-3e60-4f37-8d78-df72ae52dca3}</UniqueIdentifier>
    </Filter>
    <Filter Include="include\spdlog">
      <UniqueIdentifier>{6985571e-d1d1-435b-9d71-2b8d23236393}</UniqueIdentifier>
    </Filter>
    <Filter Include="include\nlohmann">
      <UniqueIdentifier>{8a178b54-194a-47e6-bedd-ceb8580f1149}</UniqueIdentifier>
    </Filter>
    <Filter Include="Source Files\Loger">
      <UniqueIdentifier>{6aafbc35-14e6-4b11-a5ad-ca5bbcd1fe82}</UniqueIdentifier>
    </Filter>
    <Filter Include="Source Files\Aria2Net">
      <UniqueIdentifier>{e2f7a41f-16b6-457c-a528-b41b23cbbc26}</UniqueIdentifier>
    </Filter>
    <Filter Include="Source Files\Aria2Net\Protocol">
      <UniqueIdentifier>{9dba8920-66e7-420b-b99d-9a7db4d75998}</UniqueIdentifier>
    </Filter>
    <Filter Include="Source Files\Aria2Net\AriaClient">
      <UniqueIdentifier>{f7f2f7ef-360f-477e-b12c-a21c15555dca}</UniqueIdentifier>
    </Filter>
    <Filter Include="Source Files\Aria2Net\AriaServer">
      <UniqueIdentifier>{3015ea5e-bb87-4499-a0e0-40aed49a545a}</UniqueIdentifier>
    </Filter>
    <Filter Include="Source Files\Test">
      <UniqueIdentifier>{d2975afb-0c5f-4992-9fa5-80c68281b1a6}</UniqueIdentifier>
    </Filter>
    <Filter Include="Source Files\BiliApi">
      <UniqueIdentifier>{76822b16-f1af-42b1-b92a-685c2d089769}</UniqueIdentifier>
    </Filter>
    <Filter Include="Source Files\FFmpeg">
      <UniqueIdentifier>{148d3639-46ed-49d3-98c5-62f843ee5f23}</UniqueIdentifier>
    </Filter>
  </ItemGroup>
  <ItemGroup>
    <ClCompile Include="BilibiliDownloaders\MainWindow\MainWindow.cpp">
      <Filter>Source Files\MainWindow</Filter>
    </ClCompile>
    <ClCompile Include="BilibiliDownloaders\main.cpp">
      <Filter>Source Files</Filter>
    </ClCompile>
    <ClCompile Include="BilibiliDownloaders\loger\Loger.cpp">
      <Filter>Source Files\Loger</Filter>
    </ClCompile>
    <ClCompile Include="BilibiliDownloaders\Aria2Net\AriaClient\AriaClient.cpp">
      <Filter>Source Files\Aria2Net\AriaClient</Filter>
    </ClCompile>
    <ClCompile Include="BilibiliDownloaders\Aria2Net\AriaServer\AriaServer.cpp">
      <Filter>Source Files\Aria2Net\AriaServer</Filter>
    </ClCompile>
    <ClCompile Include="BilibiliDownloaders\Test\SimpleNetwork.cpp">
      <Filter>Source Files\Test</Filter>
    </ClCompile>
    <ClCompile Include="BilibiliDownloaders\FFmpeg\FFmpegHelper.cpp">
      <Filter>Source Files\FFmpeg</Filter>
    </ClCompile>
  </ItemGroup>
  <ItemGroup>
    <QtMoc Include="BilibiliDownloaders\MainWindow\MainWindow.h">
      <Filter>Source Files\MainWindow</Filter>
    </QtMoc>
    <QtMoc Include="BilibiliDownloaders\Aria2Net\AriaClient\AriaClient.h">
      <Filter>Source Files\Aria2Net\AriaClient</Filter>
    </QtMoc>
    <QtMoc Include="BilibiliDownloaders\Aria2Net\AriaServer\AriaServer.h">
      <Filter>Source Files\Aria2Net\AriaServer</Filter>
    </QtMoc>
    <QtMoc Include="BilibiliDownloaders\Test\SimpleNetwork.h">
      <Filter>Source Files\Test</Filter>
    </QtMoc>
  </ItemGroup>
  <ItemGroup>
    <QtUic Include="BilibiliDownloaders\MainWindow\MainWindow.ui">
      <Filter>Source Files\MainWindow</Filter>
    </QtUic>
  </ItemGroup>
  <ItemGroup>
    <QtRcc Include="Resource\MainWindow.qrc">
      <Filter>Resource Files</Filter>
    </QtRcc>
  </ItemGroup>
  <ItemGroup>
    <ClInclude Include="include\nlohmann\adl_serializer.hpp">
      <Filter>include\nlohmann</Filter>
    </ClInclude>
    <ClInclude Include="include\nlohmann\byte_container_with_subtype.hpp">
      <Filter>include\nlohmann</Filter>
    </ClInclude>
    <ClInclude Include="include\nlohmann\json.hpp">
      <Filter>include\nlohmann</Filter>
    </ClInclude>
    <ClInclude Include="include\nlohmann\json_fwd.hpp">
      <Filter>include\nlohmann</Filter>
    </ClInclude>
    <ClInclude Include="include\nlohmann\ordered_map.hpp">
      <Filter>include\nlohmann</Filter>
    </ClInclude>
    <ClInclude Include="include\spdlog\async.h">
      <Filter>include\spdlog</Filter>
    </ClInclude>
    <ClInclude Include="include\spdlog\async_logger.h">
      <Filter>include\spdlog</Filter>
    </ClInclude>
    <ClInclude Include="include\spdlog\async_logger-inl.h">
      <Filter>include\spdlog</Filter>
    </ClInclude>
    <ClInclude Include="include\spdlog\common.h">
      <Filter>include\spdlog</Filter>
    </ClInclude>
    <ClInclude Include="include\spdlog\common-inl.h">
      <Filter>include\spdlog</Filter>
    </ClInclude>
    <ClInclude Include="include\spdlog\formatter.h">
      <Filter>include\spdlog</Filter>
    </ClInclude>
    <ClInclude Include="include\spdlog\fwd.h">
      <Filter>include\spdlog</Filter>
    </ClInclude>
    <ClInclude Include="include\spdlog\logger.h">
      <Filter>include\spdlog</Filter>
    </ClInclude>
    <ClInclude Include="include\spdlog\logger-inl.h">
      <Filter>include\spdlog</Filter>
    </ClInclude>
    <ClInclude Include="include\spdlog\pattern_formatter.h">
      <Filter>include\spdlog</Filter>
    </ClInclude>
    <ClInclude Include="include\spdlog\pattern_formatter-inl.h">
      <Filter>include\spdlog</Filter>
    </ClInclude>
    <ClInclude Include="include\spdlog\spdlog.h">
      <Filter>include\spdlog</Filter>
    </ClInclude>
    <ClInclude Include="include\spdlog\spdlog-inl.h">
      <Filter>include\spdlog</Filter>
    </ClInclude>
    <ClInclude Include="include\spdlog\stopwatch.h">
      <Filter>include\spdlog</Filter>
    </ClInclude>
    <ClInclude Include="include\spdlog\tweakme.h">
      <Filter>include\spdlog</Filter>
    </ClInclude>
    <ClInclude Include="include\spdlog\version.h">
      <Filter>include\spdlog</Filter>
    </ClInclude>
    <ClInclude Include="BilibiliDownloaders\loger\Loger.h">
      <Filter>Source Files\Loger</Filter>
    </ClInclude>
    <ClInclude Include="BilibiliDownloaders\Aria2Net\Protocol\Protocol.h">
      <Filter>Source Files\Aria2Net\Protocol</Filter>
    </ClInclude>
    <ClInclude Include="BilibiliDownloaders\Aria2Net\AriaVersion.h">
      <Filter>Source Files\Aria2Net</Filter>
    </ClInclude>
    <ClInclude Include="BilibiliDownloaders\FFmpeg\FFmpegHelper.h">
      <Filter>Source Files\FFmpeg</Filter>
    </ClInclude>
  </ItemGroup>
  <ItemGroup>
    <QtTranslation Include="Translation\bilibilidownloaders_zh.ts">
      <Filter>Translation Files</Filter>
    </QtTranslation>
  </ItemGroup>
</Project>