<?xml version="1.0" encoding="utf-8"?>
<Project ToolsVersion="4.0" xmlns="http://schemas.microsoft.com/developer/msbuild/2003">
  <ItemGroup>
    <Filter Include="Source Files">
      <UniqueIdentifier>{4FC737F1-C7A5-4376-A066-2A32D752A2FF}</UniqueIdentifier>
      <Extensions>cpp;c;cc;cxx;def;odl;idl;hpj;bat;asm;asmx</Extensions>
    </Filter>
    <Filter Include="Resource Files">
      <UniqueIdentifier>{67DA6AB6-F800-4c08-8B7A-83BB121AAD01}</UniqueIdentifier>
      <Extensions>qrc;rc;ico;cur;bmp;dlg;rc2;rct;bin;rgs;gif;jpg;jpeg;jpe;resx;tiff;tif;png;wav;mfcribbon-ms</Extensions>
    </Filter>
    <Filter Include="Translation Files">
      <UniqueIdentifier>{639EADAA-A684-42e4-A9AD-28FC9BCB8F7C}</UniqueIdentifier>
      <Extensions>ts</Extensions>
    </Filter>
    <Filter Include="Source Files\Loger">
      <UniqueIdentifier>{6aafbc35-14e6-4b11-a5ad-ca5bbcd1fe82}</UniqueIdentifier>
    </Filter>
    <Filter Include="Source Files\Aria2Net">
      <UniqueIdentifier>{e2f7a41f-16b6-457c-a528-b41b23cbbc26}</UniqueIdentifier>
    </Filter>
    <Filter Include="Source Files\Aria2Net\Protocol">
      <UniqueIdentifier>{9dba8920-66e7-420b-b99d-9a7db4d75998}</UniqueIdentifier>
    </Filter>
    <Filter Include="Source Files\Aria2Net\AriaClient">
      <UniqueIdentifier>{f7f2f7ef-360f-477e-b12c-a21c15555dca}</UniqueIdentifier>
    </Filter>
    <Filter Include="Source Files\Aria2Net\AriaServer">
      <UniqueIdentifier>{3015ea5e-bb87-4499-a0e0-40aed49a545a}</UniqueIdentifier>
    </Filter>
    <Filter Include="Source Files\Test">
      <UniqueIdentifier>{d2975afb-0c5f-4992-9fa5-80c68281b1a6}</UniqueIdentifier>
    </Filter>
    <Filter Include="Source Files\BiliApi">
      <UniqueIdentifier>{76822b16-f1af-42b1-b92a-685c2d089769}</UniqueIdentifier>
    </Filter>
    <Filter Include="Source Files\FFmpeg">
      <UniqueIdentifier>{148d3639-46ed-49d3-98c5-62f843ee5f23}</UniqueIdentifier>
    </Filter>
    <Filter Include="Source Files\Util">
      <UniqueIdentifier>{6db8b2a3-abbe-4983-896a-a5de413a8071}</UniqueIdentifier>
    </Filter>
    <Filter Include="Source Files\NetWork">
      <UniqueIdentifier>{43593963-365d-40c2-adbd-cd18367feb29}</UniqueIdentifier>
    </Filter>
    <Filter Include="Source Files\Sqlite">
      <UniqueIdentifier>{a07c3536-06dd-4942-a606-36cd09fa93ef}</UniqueIdentifier>
    </Filter>
    <Filter Include="Source Files\ClientUi">
      <UniqueIdentifier>{c4056138-561f-4deb-b571-e266b43ac04b}</UniqueIdentifier>
    </Filter>
    <Filter Include="Source Files\ClientUi\MainWindow">
      <UniqueIdentifier>{578fa2bf-3e60-4f37-8d78-df72ae52dca3}</UniqueIdentifier>
    </Filter>
    <Filter Include="Source Files\ClientUi\VideoList">
      <UniqueIdentifier>{3fa1e496-456b-4c05-ba8a-0527e19df21f}</UniqueIdentifier>
    </Filter>
  </ItemGroup>
  <ItemGroup>
    <ClCompile Include="src\Aria2Net\AriaClient\AriaClient.cpp">
      <Filter>Source Files\Aria2Net\AriaClient</Filter>
    </ClCompile>
    <ClCompile Include="src\Aria2Net\AriaServer\AriaServer.cpp">
      <Filter>Source Files\Aria2Net\AriaServer</Filter>
    </ClCompile>
    <ClCompile Include="src\main.cpp">
      <Filter>Source Files</Filter>
    </ClCompile>
    <ClCompile Include="src\BiliApi\BiliApi.cpp">
      <Filter>Source Files\BiliApi</Filter>
    </ClCompile>
    <ClCompile Include="src\loger\dump.cpp">
      <Filter>Source Files\Loger</Filter>
    </ClCompile>
    <ClCompile Include="src\loger\Loger.cpp">
      <Filter>Source Files\Loger</Filter>
    </ClCompile>
    <ClCompile Include="src\FFmpeg\FFmpegHelper.cpp">
      <Filter>Source Files\FFmpeg</Filter>
    </ClCompile>
    <ClCompile Include="src\NetWork\CNetWork.cpp">
      <Filter>Source Files\NetWork</Filter>
    </ClCompile>
    <ClCompile Include="src\Sqlite\SQLiteDatabase.cpp">
      <Filter>Source Files\Sqlite</Filter>
    </ClCompile>
    <ClCompile Include="src\Util\UrlProcess.cpp">
      <Filter>Source Files\Util</Filter>
    </ClCompile>
    <ClCompile Include="src\Test\SimpleNetwork.cpp">
      <Filter>Source Files\Test</Filter>
    </ClCompile>
    <ClCompile Include="src\ClientUi\MainWindow\MainWindow.cpp">
      <Filter>Source Files\ClientUi\MainWindow</Filter>
    </ClCompile>
    <ClCompile Include="src\ClientUi\VideoList\VideoListWidget.cpp">
      <Filter>Source Files\ClientUi\VideoList</Filter>
    </ClCompile>
    <ClCompile Include="src\BiliApi\WebClient.cpp">
      <Filter>Source Files\BiliApi</Filter>
    </ClCompile>
  </ItemGroup>
  <ItemGroup>
    <QtMoc Include="src\Aria2Net\AriaClient\AriaClient.h">
      <Filter>Source Files\Aria2Net\AriaClient</Filter>
    </QtMoc>
    <QtMoc Include="src\Aria2Net\AriaServer\AriaServer.h">
      <Filter>Source Files\Aria2Net\AriaServer</Filter>
    </QtMoc>
    <QtMoc Include="src\NetWork\CNetWork.h">
      <Filter>Source Files\NetWork</Filter>
    </QtMoc>
    <QtMoc Include="src\Test\SimpleNetwork.h">
      <Filter>Source Files\Test</Filter>
    </QtMoc>
    <QtMoc Include="src\ClientUi\MainWindow\MainWindow.h">
      <Filter>Source Files\ClientUi\MainWindow</Filter>
    </QtMoc>
    <QtMoc Include="src\BiliApi\WebClient.h">
      <Filter>Source Files\BiliApi</Filter>
    </QtMoc>
    <QtMoc Include="src\ClientUi\VideoList\VideoListWidget.h">
      <Filter>Source Files\ClientUi\VideoList</Filter>
    </QtMoc>
  </ItemGroup>
  <ItemGroup>
    <QtUic Include="src\ClientUi\MainWindow\MainWindow.ui">
      <Filter>Source Files\ClientUi\MainWindow</Filter>
    </QtUic>
    <QtUic Include="src\ClientUi\VideoList\VideoListWidget.ui">
      <Filter>Source Files\ClientUi\VideoList</Filter>
    </QtUic>
  </ItemGroup>
  <ItemGroup>
    <QtRcc Include="Resource\MainWindow.qrc">
      <Filter>Resource Files</Filter>
    </QtRcc>
  </ItemGroup>
  <ItemGroup>
    <ClInclude Include="src\Aria2Net\Protocol\Protocol.h">
      <Filter>Source Files\Aria2Net\Protocol</Filter>
    </ClInclude>
    <ClInclude Include="src\Aria2Net\AriaVersion.h">
      <Filter>Source Files\Aria2Net</Filter>
    </ClInclude>
    <ClInclude Include="src\BiliApi\BiliApi.h">
      <Filter>Source Files\BiliApi</Filter>
    </ClInclude>
    <ClInclude Include="src\loger\dump.h">
      <Filter>Source Files\Loger</Filter>
    </ClInclude>
    <ClInclude Include="src\loger\Loger.h">
      <Filter>Source Files\Loger</Filter>
    </ClInclude>
    <ClInclude Include="src\FFmpeg\FFmpegHelper.h">
      <Filter>Source Files\FFmpeg</Filter>
    </ClInclude>
    <ClInclude Include="src\Sqlite\SQLiteDatabase.h">
      <Filter>Source Files\Sqlite</Filter>
    </ClInclude>
    <ClInclude Include="src\Util\UrlProcess.h">
      <Filter>Source Files\Util</Filter>
    </ClInclude>
    <ClInclude Include="src\NetWork\NetworkLog.h">
      <Filter>Source Files\NetWork</Filter>
    </ClInclude>
    <ClInclude Include="src\AppVersion.h">
      <Filter>Source Files</Filter>
    </ClInclude>
    <ClInclude Include="src\FFmpeg\FFmpegLog.h">
      <Filter>Source Files\FFmpeg</Filter>
    </ClInclude>
  </ItemGroup>
  <ItemGroup>
    <QtTranslation Include="Translation\BilibiliDownloaders_zh.ts">
      <Filter>Translation Files</Filter>
    </QtTranslation>
  </ItemGroup>
</Project>